
Microsoft Visual Studio Solution File, Format Version 11.00
# Visual Studio 2010
Project("{8BC9CEB8-8B4A-11D0-8D11-00A0C91BC942}") = "bit_them_all", "bit_them_all.vcxproj", "{9964A96B-4183-4D63-A656-0D7071B4B2D7}"
	ProjectSection(ProjectDependencies) = postProject
		{BD8B7A72-258C-4B77-B11F-46C32D461A19} = {BD8B7A72-258C-4B77-B11F-46C32D461A19}
	EndProjectSection
EndProject
Project("{8BC9CEB8-8B4A-11D0-8D11-00A0C91BC942}") = "luabind", "luabind\luabind.vcxproj", "{BD8B7A72-258C-4B77-B11F-46C32D461A19}"
EndProject
Project("{8BC9CEB8-8B4A-11D0-8D11-00A0C91BC942}") = "lua", "lua\lua.vcxproj", "{D2C0219B-631B-4A58-880C-B0766EC2ED0F}"
EndProject
Global
	GlobalSection(SolutionConfigurationPlatforms) = preSolution
		Debug|Win32 = Debug|Win32
		Release|Win32 = Release|Win32
	EndGlobalSection
	GlobalSection(ProjectConfigurationPlatforms) = postSolution
		{9964A96B-4183-4D63-A656-0D7071B4B2D7}.Debug|Win32.ActiveCfg = Debug|Win32
		{9964A96B-4183-4D63-A656-0D7071B4B2D7}.Debug|Win32.Build.0 = Debug|Win32
		{9964A96B-4183-4D63-A656-0D7071B4B2D7}.Release|Win32.ActiveCfg = Release|Win32
		{9964A96B-4183-4D63-A656-0D7071B4B2D7}.Release|Win32.Build.0 = Release|Win32
		{BD8B7A72-258C-4B77-B11F-46C32D461A19}.Debug|Win32.ActiveCfg = Debug|Win32
		{BD8B7A72-258C-4B77-B11F-46C32D461A19}.Debug|Win32.Build.0 = Debug|Win32
		{BD8B7A72-258C-4B77-B11F-46C32D461A19}.Release|Win32.ActiveCfg = Release|Win32
		{BD8B7A72-258C-4B77-B11F-46C32D461A19}.Release|Win32.Build.0 = Release|Win32
		{D2C0219B-631B-4A58-880C-B0766EC2ED0F}.Debug|Win32.ActiveCfg = Debug|Win32
		{D2C0219B-631B-4A58-880C-B0766EC2ED0F}.Debug|Win32.Build.0 = Debug|Win32
		{D2C0219B-631B-4A58-880C-B0766EC2ED0F}.Release|Win32.ActiveCfg = Release|Win32
		{D2C0219B-631B-4A58-880C-B0766EC2ED0F}.Release|Win32.Build.0 = Release|Win32
	EndGlobalSection
	GlobalSection(SolutionProperties) = preSolution
		HideSolutionNode = FALSE
	EndGlobalSection
	GlobalSection(ExtensibilityGlobals) = postSolution
		QtVersion = $(DefaultQtVersion)
	EndGlobalSection
EndGlobal
